
Microsoft Visual Studio Solution File, Format Version 12.00
# Visual Studio Version 17
VisualStudioVersion = 17.2.32630.192
MinimumVisualStudioVersion = 10.0.40219.1
Project("{FAE04EC0-301F-11D3-BF4B-00C04F79EFBC}") = "MOTORWAY_API", "MOTORWAY_API\MOTORWAY_API.csproj", "{F0473E5B-6953-48D8-90A6-9C3C7324C086}"
EndProject
Global
	GlobalSection(SolutionConfigurationPlatforms) = preSolution
		Debug|Any CPU = Debug|Any CPU
		Release|Any CPU = Release|Any CPU
	EndGlobalSection
	GlobalSection(ProjectConfigurationPlatforms) = postSolution
		{F0473E5B-6953-48D8-90A6-9C3C7324C086}.Debug|Any CPU.ActiveCfg = Debug|Any CPU
		{F0473E5B-6953-48D8-90A6-9C3C7324C086}.Debug|Any CPU.Build.0 = Debug|Any CPU
		{F0473E5B-6953-48D8-90A6-9C3C7324C086}.Release|Any CPU.ActiveCfg = Release|Any CPU
		{F0473E5B-6953-48D8-90A6-9C3C7324C086}.Release|Any CPU.Build.0 = Release|Any CPU
	EndGlobalSection
	GlobalSection(SolutionProperties) = preSolution
		HideSolutionNode = FALSE
	EndGlobalSection
	GlobalSection(ExtensibilityGlobals) = postSolution
		SolutionGuid = {9A84AD83-6E91-4764-8F26-F2090100E2F8}
	EndGlobalSection
EndGlobal
